{
    "_readme": [
        "This file locks the dependencies of your project to a known state",
        "Read more about it at https://getcomposer.org/doc/01-basic-usage.md#composer-lock-the-lock-file",
        "This file is @generated automatically"
    ],
    "hash": "56384f3d83099ea22ec2ed3a83226e6a",
    "content-hash": "c1e9907742d9eb4aaa40d6eb6325129d",
    "packages": [
        {
            "name": "composer/installers",
            "version": "v1.0.23",
            "source": {
                "type": "git",
                "url": "https://github.com/composer/installers.git",
                "reference": "6213d900e92647831f7a406d5c530ea1f3d4360e"
            },
            "dist": {
                "type": "zip",
                "url": "https://api.github.com/repos/composer/installers/zipball/6213d900e92647831f7a406d5c530ea1f3d4360e",
                "reference": "6213d900e92647831f7a406d5c530ea1f3d4360e",
                "shasum": ""
            },
            "require": {
                "composer-plugin-api": "^1.0"
            },
            "replace": {
                "roundcube/plugin-installer": "*",
                "shama/baton": "*"
            },
            "require-dev": {
                "composer/composer": "1.0.*@dev",
                "phpunit/phpunit": "4.1.*"
            },
            "type": "composer-plugin",
            "extra": {
                "class": "Composer\\Installers\\Plugin",
                "branch-alias": {
                    "dev-master": "1.0-dev"
                }
            },
            "autoload": {
                "psr-0": {
                    "Composer\\Installers\\": "src/"
                }
            },
            "notification-url": "https://packagist.org/downloads/",
            "license": [
                "MIT"
            ],
            "authors": [
                {
                    "name": "Kyle Robinson Young",
                    "email": "kyle@dontkry.com",
                    "homepage": "https://github.com/shama"
                }
            ],
            "description": "A multi-framework Composer library installer",
            "homepage": "http://composer.github.com/installers/",
            "keywords": [
                "Craft",
                "Dolibarr",
                "Hurad",
                "MODX Evo",
                "OXID",
                "SMF",
                "Thelia",
                "WolfCMS",
                "agl",
                "aimeos",
                "annotatecms",
                "bitrix",
                "cakephp",
                "chef",
                "codeigniter",
                "concrete5",
                "croogo",
                "dokuwiki",
                "drupal",
                "elgg",
                "fuelphp",
                "grav",
                "installer",
                "joomla",
                "kohana",
                "laravel",
                "lithium",
                "magento",
                "mako",
                "mediawiki",
                "modulework",
                "moodle",
                "phpbb",
                "piwik",
                "ppi",
                "puppet",
                "roundcube",
                "shopware",
                "silverstripe",
                "symfony",
                "typo3",
                "wordpress",
                "zend",
                "zikula"
            ],
            "time": "2016-01-27 12:54:22"
        },
        {
            "name": "otgs/installer",
            "version": "1.7.6",
            "source": {
                "type": "git",
                "url": "ssh://git@git.onthegosystems.com:10022/installer/installer.git",
                "reference": "61f0d3178e84f9c96cd8580a5e28d30a84ff4e5a"
            },
            "require": {
                "composer/installers": "~1.0",
                "php": ">=5.2.0"
            },
            "require-dev": {
                "phpunit/phpunit": "~4.5"
            },
            "type": "wordpress-plugin",
            "extra": {
                "branch-alias": {
                    "dev-master": "1.6.x-dev",
                    "dev-develop": "1.6.x-dev"
                }
            },
            "scripts": {
                "test": [
                    "phpunit"
                ]
            },
            "license": [
                "GPL-2.0"
            ],
            "authors": [
                {
                    "name": "Mihai Grigori",
                    "email": "mihai@wpml.org",
                    "homepage": "http://www.wp-types.com"
                }
            ],
            "description": "Installs and updates WPML and Toolset dependencies automatically",
            "homepage": "https://git.onthegosystems.com/installer/installer",
            "keywords": [
                "install",
                "plugins",
                "update",
                "utils"
            ],
            "time": "2016-02-23 13:04:37"
        },
        {
            "name": "wpml/commons",
            "version": "dev-develop",
            "source": {
                "type": "git",
                "url": "ssh://git@git.onthegosystems.com:10022/wpml/wpml-commons.git",
                "reference": "3f19b7bbd079faaf2ca7fedecf610d64deb847d0"
            },
            "require": {
                "php": ">=5.2.0"
            },
            "require-dev": {
                "phpunit/phpunit": "~4.5"
            },
            "type": "library",
            "extra": {
                "branch-alias": {
                    "dev-master": "1.0.x-dev",
                    "dev-develop": "1.0.x-dev"
                }
            },
            "autoload": {
                "classmap": [
                    "src/"
                ]
            },
            "scripts": {
                "test": [
                    "phpunit"
                ]
            },
            "license": [
                "GPL-2.0"
            ],
            "authors": [
                {
                    "name": "Andrea Sciamanna",
                    "email": "andrea.s@icanlocalize.com",
                    "homepage": "http://wpml.org"
                },
                {
                    "name": "Bruce Pearsons",
                    "email": "bruce.p@icanlocalize.com",
                    "homepage": "http://wpml.org"
                },
                {
                    "name": "Armin Braun",
                    "email": "armin.b@icanlocalize.com",
                    "homepage": "http://wpml.org"
                }
            ],
            "description": "A set of libraries for WPML Plugins",
            "homepage": "https://git.onthegosystems.com/wpml/wpml-commons",
            "keywords": [
                "auto-loader",
                "twig-extensions"
            ],
            "time": "2016-01-15 12:51:10"
        }
    ],
    "packages-dev": [],
    "aliases": [],
    "minimum-stability": "stable",
    "stability-flags": {
        "wpml/commons": 20
    },
    "prefer-stable": false,
    "prefer-lowest": false,
    "platform": [],
    "platform-dev": []
}
